
Microsoft Visual Studio Solution File, Format Version 12.00
# Visual Studio 2013
VisualStudioVersion = 12.0.31101.0
MinimumVisualStudioVersion = 10.0.40219.1
Project("{FAE04EC0-301F-11D3-BF4B-00C04F79EFBC}") = "MBACNationals", "MBACNationals\MBACNationals.csproj", "{4AFFC6BF-BEF7-443B-BDCB-7D96498A5FC0}"
EndProject
Project("{2150E333-8FDC-42A3-9474-1A3956D46DE8}") = ".nuget", ".nuget", "{05756571-CF53-47E6-9A34-E9DA12BC047C}"
	ProjectSection(SolutionItems) = preProject
		.nuget\packages.config = .nuget\packages.config
	EndProjectSection
EndProject
Global
	GlobalSection(SolutionConfigurationPlatforms) = preSolution
		Debug|Any CPU = Debug|Any CPU
		Release|Any CPU = Release|Any CPU
	EndGlobalSection
	GlobalSection(ProjectConfigurationPlatforms) = postSolution
		{4AFFC6BF-BEF7-443B-BDCB-7D96498A5FC0}.Debug|Any CPU.ActiveCfg = Debug|Any CPU
		{4AFFC6BF-BEF7-443B-BDCB-7D96498A5FC0}.Debug|Any CPU.Build.0 = Debug|Any CPU
		{4AFFC6BF-BEF7-443B-BDCB-7D96498A5FC0}.Release|Any CPU.ActiveCfg = Release|Any CPU
		{4AFFC6BF-BEF7-443B-BDCB-7D96498A5FC0}.Release|Any CPU.Build.0 = Release|Any CPU
	EndGlobalSection
	GlobalSection(SolutionProperties) = preSolution
		HideSolutionNode = FALSE
	EndGlobalSection
EndGlobal
