
Microsoft Visual Studio Solution File, Format Version 12.00
# Visual Studio 2013
VisualStudioVersion = 12.0.31101.0
MinimumVisualStudioVersion = 10.0.40219.1
Project("{2150E333-8FDC-42A3-9474-1A3956D46DE8}") = ".nuget", ".nuget", "{05756571-CF53-47E6-9A34-E9DA12BC047C}"
	ProjectSection(SolutionItems) = preProject
		.nuget\packages.config = .nuget\packages.config
	EndProjectSection
EndProject
Project("{FAE04EC0-301F-11D3-BF4B-00C04F79EFBC}") = "Aggregates", "Aggregates\Aggregates.csproj", "{42FE290D-7A80-451B-AC4F-A7B34B3B3D3B}"
EndProject
Project("{FAE04EC0-301F-11D3-BF4B-00C04F79EFBC}") = "Edument.CQRS", "Edument.CQRS\Edument.CQRS.csproj", "{D2BAB57D-225D-4F4C-9410-ED39495A8FE0}"
EndProject
Project("{FAE04EC0-301F-11D3-BF4B-00C04F79EFBC}") = "Events", "Events\Events.csproj", "{B195F4C7-41EF-403C-AA05-0018B9DF25F8}"
EndProject
Project("{FAE04EC0-301F-11D3-BF4B-00C04F79EFBC}") = "ReadModels", "ReadModels\ReadModels.csproj", "{146A4004-73D9-4015-899B-83CBBBD2FFEE}"
EndProject
Project("{FAE04EC0-301F-11D3-BF4B-00C04F79EFBC}") = "Web.Admin", "Web.Admin\Web.Admin.csproj", "{F16242FD-21CF-4454-B597-014229CA88AF}"
EndProject
Project("{FAE04EC0-301F-11D3-BF4B-00C04F79EFBC}") = "Tests", "Tests\Tests.csproj", "{4306B621-323B-4574-BFBF-2D002491AE1E}"
EndProject
Project("{FAE04EC0-301F-11D3-BF4B-00C04F79EFBC}") = "UITests", "UITests\UITests.csproj", "{0DF77526-1ECC-4A50-94B5-DC687D945258}"
EndProject
Project("{FAE04EC0-301F-11D3-BF4B-00C04F79EFBC}") = "UITestsFramework", "UITestsFramework\UITestsFramework.csproj", "{E36D0216-8CA1-4AD3-AFDC-0F9396FAC3FC}"
EndProject
Project("{FAE04EC0-301F-11D3-BF4B-00C04F79EFBC}") = "AzureTableHelper", "AzureTableHelper\AzureTableHelper.csproj", "{0077AEB3-E23B-4226-9D9B-3E32DD65353D}"
EndProject
Project("{2150E333-8FDC-42A3-9474-1A3956D46DE8}") = "Solution Items", "Solution Items", "{CD778205-4471-4E87-810E-93F6459FCD0E}"
	ProjectSection(SolutionItems) = preProject
		.codeclimate.yml = .codeclimate.yml
		.gitignore = .gitignore
		README.md = README.md
	EndProjectSection
EndProject
Global
	GlobalSection(SolutionConfigurationPlatforms) = preSolution
		Debug|Any CPU = Debug|Any CPU
		Release|Any CPU = Release|Any CPU
	EndGlobalSection
	GlobalSection(ProjectConfigurationPlatforms) = postSolution
		{42FE290D-7A80-451B-AC4F-A7B34B3B3D3B}.Debug|Any CPU.ActiveCfg = Debug|Any CPU
		{42FE290D-7A80-451B-AC4F-A7B34B3B3D3B}.Debug|Any CPU.Build.0 = Debug|Any CPU
		{42FE290D-7A80-451B-AC4F-A7B34B3B3D3B}.Release|Any CPU.ActiveCfg = Release|Any CPU
		{42FE290D-7A80-451B-AC4F-A7B34B3B3D3B}.Release|Any CPU.Build.0 = Release|Any CPU
		{D2BAB57D-225D-4F4C-9410-ED39495A8FE0}.Debug|Any CPU.ActiveCfg = Debug|Any CPU
		{D2BAB57D-225D-4F4C-9410-ED39495A8FE0}.Debug|Any CPU.Build.0 = Debug|Any CPU
		{D2BAB57D-225D-4F4C-9410-ED39495A8FE0}.Release|Any CPU.ActiveCfg = Release|Any CPU
		{D2BAB57D-225D-4F4C-9410-ED39495A8FE0}.Release|Any CPU.Build.0 = Release|Any CPU
		{B195F4C7-41EF-403C-AA05-0018B9DF25F8}.Debug|Any CPU.ActiveCfg = Debug|Any CPU
		{B195F4C7-41EF-403C-AA05-0018B9DF25F8}.Debug|Any CPU.Build.0 = Debug|Any CPU
		{B195F4C7-41EF-403C-AA05-0018B9DF25F8}.Release|Any CPU.ActiveCfg = Release|Any CPU
		{B195F4C7-41EF-403C-AA05-0018B9DF25F8}.Release|Any CPU.Build.0 = Release|Any CPU
		{146A4004-73D9-4015-899B-83CBBBD2FFEE}.Debug|Any CPU.ActiveCfg = Debug|Any CPU
		{146A4004-73D9-4015-899B-83CBBBD2FFEE}.Debug|Any CPU.Build.0 = Debug|Any CPU
		{146A4004-73D9-4015-899B-83CBBBD2FFEE}.Release|Any CPU.ActiveCfg = Release|Any CPU
		{146A4004-73D9-4015-899B-83CBBBD2FFEE}.Release|Any CPU.Build.0 = Release|Any CPU
		{F16242FD-21CF-4454-B597-014229CA88AF}.Debug|Any CPU.ActiveCfg = Debug|Any CPU
		{F16242FD-21CF-4454-B597-014229CA88AF}.Debug|Any CPU.Build.0 = Debug|Any CPU
		{F16242FD-21CF-4454-B597-014229CA88AF}.Release|Any CPU.ActiveCfg = Release|Any CPU
		{F16242FD-21CF-4454-B597-014229CA88AF}.Release|Any CPU.Build.0 = Release|Any CPU
		{4306B621-323B-4574-BFBF-2D002491AE1E}.Debug|Any CPU.ActiveCfg = Debug|Any CPU
		{4306B621-323B-4574-BFBF-2D002491AE1E}.Debug|Any CPU.Build.0 = Debug|Any CPU
		{4306B621-323B-4574-BFBF-2D002491AE1E}.Release|Any CPU.ActiveCfg = Release|Any CPU
		{4306B621-323B-4574-BFBF-2D002491AE1E}.Release|Any CPU.Build.0 = Release|Any CPU
		{0DF77526-1ECC-4A50-94B5-DC687D945258}.Debug|Any CPU.ActiveCfg = Debug|Any CPU
		{0DF77526-1ECC-4A50-94B5-DC687D945258}.Debug|Any CPU.Build.0 = Debug|Any CPU
		{0DF77526-1ECC-4A50-94B5-DC687D945258}.Release|Any CPU.ActiveCfg = Release|Any CPU
		{0DF77526-1ECC-4A50-94B5-DC687D945258}.Release|Any CPU.Build.0 = Release|Any CPU
		{E36D0216-8CA1-4AD3-AFDC-0F9396FAC3FC}.Debug|Any CPU.ActiveCfg = Debug|Any CPU
		{E36D0216-8CA1-4AD3-AFDC-0F9396FAC3FC}.Debug|Any CPU.Build.0 = Debug|Any CPU
		{E36D0216-8CA1-4AD3-AFDC-0F9396FAC3FC}.Release|Any CPU.ActiveCfg = Release|Any CPU
		{E36D0216-8CA1-4AD3-AFDC-0F9396FAC3FC}.Release|Any CPU.Build.0 = Release|Any CPU
		{0077AEB3-E23B-4226-9D9B-3E32DD65353D}.Debug|Any CPU.ActiveCfg = Debug|Any CPU
		{0077AEB3-E23B-4226-9D9B-3E32DD65353D}.Debug|Any CPU.Build.0 = Debug|Any CPU
		{0077AEB3-E23B-4226-9D9B-3E32DD65353D}.Release|Any CPU.ActiveCfg = Release|Any CPU
		{0077AEB3-E23B-4226-9D9B-3E32DD65353D}.Release|Any CPU.Build.0 = Release|Any CPU
	EndGlobalSection
	GlobalSection(SolutionProperties) = preSolution
		HideSolutionNode = FALSE
	EndGlobalSection
EndGlobal
